
Microsoft Visual Studio Solution File, Format Version 12.00
# Visual Studio Version 16
VisualStudioVersion = 16.0.31019.35
MinimumVisualStudioVersion = 10.0.40219.1
Project("{FAE04EC0-301F-11D3-BF4B-00C04F79EFBC}") = "Guitars.Pact.Provider", "Guitars.Pact.Provider\Guitars.Pact.Provider.csproj", "{27180608-6D80-4DFF-9668-5D7886333260}"
EndProject
Global
	GlobalSection(SolutionConfigurationPlatforms) = preSolution
		Debug|Any CPU = Debug|Any CPU
		Release|Any CPU = Release|Any CPU
	EndGlobalSection
	GlobalSection(ProjectConfigurationPlatforms) = postSolution
		{27180608-6D80-4DFF-9668-5D7886333260}.Debug|Any CPU.ActiveCfg = Debug|Any CPU
		{27180608-6D80-4DFF-9668-5D7886333260}.Debug|Any CPU.Build.0 = Debug|Any CPU
		{27180608-6D80-4DFF-9668-5D7886333260}.Release|Any CPU.ActiveCfg = Release|Any CPU
		{27180608-6D80-4DFF-9668-5D7886333260}.Release|Any CPU.Build.0 = Release|Any CPU
	EndGlobalSection
	GlobalSection(SolutionProperties) = preSolution
		HideSolutionNode = FALSE
	EndGlobalSection
	GlobalSection(ExtensibilityGlobals) = postSolution
		SolutionGuid = {790F0282-096D-42BF-B8CE-CCB54A621BA7}
	EndGlobalSection
EndGlobal
